{
  "version": 4,
  "terraform_version": "1.9.4",
  "serial": 66,
  "lineage": "8e6f5b34-0ac0-9cf7-1c7f-b63c50bc628d",
  "outputs": {},
  "resources": [
    {
      "module": "module.project_shared_vpc_host.module.project-factory",
      "mode": "managed",
      "type": "google_project",
      "name": "main",
      "provider": "provider[\"registry.terraform.io/hashicorp/google\"]",
      "instances": [
        {
          "schema_version": 1,
          "attributes": {
            "auto_create_network": false,
            "billing_account": "01F13C-AE01BB-053092",
            "deletion_policy": "DELETE",
            "effective_labels": {
              "goog-terraform-provisioned": "true"
            },
            "folder_id": null,
            "id": "projects/pshet-test-a8a1",
            "labels": null,
            "name": "pshet-test",
            "number": "120554567061",
            "org_id": null,
            "project_id": "pshet-test-a8a1",
            "tags": null,
            "terraform_labels": {
              "goog-terraform-provisioned": "true"
            },
            "timeouts": null
          },
          "sensitive_attributes": [],
          "private": "eyJlMmJmYjczMC1lY2FhLTExZTYtOGY4OC0zNDM2M2JjN2M0YzAiOnsiY3JlYXRlIjo2MDAwMDAwMDAwMDAsImRlbGV0ZSI6NjAwMDAwMDAwMDAwLCJyZWFkIjo2MDAwMDAwMDAwMDAsInVwZGF0ZSI6NjAwMDAwMDAwMDAwfSwic2NoZW1hX3ZlcnNpb24iOiIxIn0=",
          "dependencies": [
            "module.project_shared_vpc_host.module.project-factory.random_id.random_project_id_suffix",
            "module.project_shared_vpc_host.module.project-factory.random_string.random_project_id_suffix"
          ]
        }
      ]
    },
    {
      "module": "module.project_shared_vpc_host.module.project-factory",
      "mode": "managed",
      "type": "google_project_default_service_accounts",
      "name": "default_service_accounts",
      "provider": "provider[\"registry.terraform.io/hashicorp/google\"]",
      "instances": [
        {
          "index_key": 0,
          "schema_version": 0,
          "attributes": {
            "action": "DISABLE",
            "id": "projects/pshet-test-a8a1",
            "project": "pshet-test-a8a1",
            "restore_policy": "REVERT_AND_IGNORE_FAILURE",
            "service_accounts": {
              "116913030098706118365": "120554567061-compute@developer.gserviceaccount.com"
            },
            "timeouts": null
          },
          "sensitive_attributes": [],
          "private": "eyJlMmJmYjczMC1lY2FhLTExZTYtOGY4OC0zNDM2M2JjN2M0YzAiOnsiY3JlYXRlIjo2MDAwMDAwMDAwMDAsImRlbGV0ZSI6NjAwMDAwMDAwMDAwLCJyZWFkIjo2MDAwMDAwMDAwMDB9fQ==",
          "dependencies": [
            "module.project_shared_vpc_host.module.project-factory.google_project.main",
            "module.project_shared_vpc_host.module.project-factory.module.project_services.data.google_compute_default_service_account.default",
            "module.project_shared_vpc_host.module.project-factory.module.project_services.google_project_iam_member.project_service_identity_roles",
            "module.project_shared_vpc_host.module.project-factory.module.project_services.google_project_service.project_services",
            "module.project_shared_vpc_host.module.project-factory.module.project_services.google_project_service_identity.project_service_identities",
            "module.project_shared_vpc_host.module.project-factory.random_id.random_project_id_suffix",
            "module.project_shared_vpc_host.module.project-factory.random_string.random_project_id_suffix"
          ]
        }
      ]
    },
    {
      "module": "module.project_shared_vpc_host.module.project-factory",
      "mode": "managed",
      "type": "google_service_account",
      "name": "default_service_account",
      "provider": "provider[\"registry.terraform.io/hashicorp/google\"]",
      "instances": [
        {
          "index_key": 0,
          "schema_version": 0,
          "attributes": {
            "account_id": "project-service-account",
            "create_ignore_already_exists": true,
            "description": "",
            "disabled": false,
            "display_name": "pshet-test Project Service Account",
            "email": "project-service-account@pshet-test-a8a1.iam.gserviceaccount.com",
            "id": "projects/pshet-test-a8a1/serviceAccounts/project-service-account@pshet-test-a8a1.iam.gserviceaccount.com",
            "member": "serviceAccount:project-service-account@pshet-test-a8a1.iam.gserviceaccount.com",
            "name": "projects/pshet-test-a8a1/serviceAccounts/project-service-account@pshet-test-a8a1.iam.gserviceaccount.com",
            "project": "pshet-test-a8a1",
            "timeouts": null,
            "unique_id": "115679475402098995688"
          },
          "sensitive_attributes": [],
          "private": "eyJlMmJmYjczMC1lY2FhLTExZTYtOGY4OC0zNDM2M2JjN2M0YzAiOnsiY3JlYXRlIjozMDAwMDAwMDAwMDB9fQ==",
          "dependencies": [
            "module.project_shared_vpc_host.module.project-factory.google_project.main",
            "module.project_shared_vpc_host.module.project-factory.random_id.random_project_id_suffix",
            "module.project_shared_vpc_host.module.project-factory.random_string.random_project_id_suffix"
          ]
        }
      ]
    },
    {
      "module": "module.project_shared_vpc_host.module.project-factory",
      "mode": "managed",
      "type": "random_id",
      "name": "random_project_id_suffix",
      "provider": "provider[\"registry.terraform.io/hashicorp/random\"]",
      "instances": [
        {
          "schema_version": 0,
          "attributes": {
            "b64_std": "qKE=",
            "b64_url": "qKE",
            "byte_length": 2,
            "dec": "43169",
            "hex": "a8a1",
            "id": "qKE",
            "keepers": null,
            "prefix": null
          },
          "sensitive_attributes": []
        }
      ]
    },
    {
      "module": "module.project_shared_vpc_host.module.project-factory.module.project_services",
      "mode": "managed",
      "type": "google_project_service",
      "name": "project_services",
      "provider": "provider[\"registry.terraform.io/hashicorp/google\"]",
      "instances": [
        {
          "index_key": "accesscontextmanager.googleapis.com",
          "schema_version": 0,
          "attributes": {
            "disable_dependent_services": true,
            "disable_on_destroy": true,
            "id": "pshet-test-a8a1/accesscontextmanager.googleapis.com",
            "project": "pshet-test-a8a1",
            "service": "accesscontextmanager.googleapis.com",
            "timeouts": null
          },
          "sensitive_attributes": [],
          "private": "eyJlMmJmYjczMC1lY2FhLTExZTYtOGY4OC0zNDM2M2JjN2M0YzAiOnsiY3JlYXRlIjoxMjAwMDAwMDAwMDAwLCJkZWxldGUiOjEyMDAwMDAwMDAwMDAsInJlYWQiOjYwMDAwMDAwMDAwMCwidXBkYXRlIjoxMjAwMDAwMDAwMDAwfX0=",
          "dependencies": [
            "module.project_shared_vpc_host.module.project-factory.google_project.main",
            "module.project_shared_vpc_host.module.project-factory.random_id.random_project_id_suffix",
            "module.project_shared_vpc_host.module.project-factory.random_string.random_project_id_suffix"
          ]
        },
        {
          "index_key": "admin.googleapis.com",
          "schema_version": 0,
          "attributes": {
            "disable_dependent_services": true,
            "disable_on_destroy": true,
            "id": "pshet-test-a8a1/admin.googleapis.com",
            "project": "pshet-test-a8a1",
            "service": "admin.googleapis.com",
            "timeouts": null
          },
          "sensitive_attributes": [],
          "private": "eyJlMmJmYjczMC1lY2FhLTExZTYtOGY4OC0zNDM2M2JjN2M0YzAiOnsiY3JlYXRlIjoxMjAwMDAwMDAwMDAwLCJkZWxldGUiOjEyMDAwMDAwMDAwMDAsInJlYWQiOjYwMDAwMDAwMDAwMCwidXBkYXRlIjoxMjAwMDAwMDAwMDAwfX0=",
          "dependencies": [
            "module.project_shared_vpc_host.module.project-factory.google_project.main",
            "module.project_shared_vpc_host.module.project-factory.random_id.random_project_id_suffix",
            "module.project_shared_vpc_host.module.project-factory.random_string.random_project_id_suffix"
          ]
        },
        {
          "index_key": "appengine.googleapis.com",
          "schema_version": 0,
          "attributes": {
            "disable_dependent_services": true,
            "disable_on_destroy": true,
            "id": "pshet-test-a8a1/appengine.googleapis.com",
            "project": "pshet-test-a8a1",
            "service": "appengine.googleapis.com",
            "timeouts": null
          },
          "sensitive_attributes": [],
          "private": "eyJlMmJmYjczMC1lY2FhLTExZTYtOGY4OC0zNDM2M2JjN2M0YzAiOnsiY3JlYXRlIjoxMjAwMDAwMDAwMDAwLCJkZWxldGUiOjEyMDAwMDAwMDAwMDAsInJlYWQiOjYwMDAwMDAwMDAwMCwidXBkYXRlIjoxMjAwMDAwMDAwMDAwfX0=",
          "dependencies": [
            "module.project_shared_vpc_host.module.project-factory.google_project.main",
            "module.project_shared_vpc_host.module.project-factory.random_id.random_project_id_suffix",
            "module.project_shared_vpc_host.module.project-factory.random_string.random_project_id_suffix"
          ]
        },
        {
          "index_key": "billingbudgets.googleapis.com",
          "schema_version": 0,
          "attributes": {
            "disable_dependent_services": true,
            "disable_on_destroy": true,
            "id": "pshet-test-a8a1/billingbudgets.googleapis.com",
            "project": "pshet-test-a8a1",
            "service": "billingbudgets.googleapis.com",
            "timeouts": null
          },
          "sensitive_attributes": [],
          "private": "eyJlMmJmYjczMC1lY2FhLTExZTYtOGY4OC0zNDM2M2JjN2M0YzAiOnsiY3JlYXRlIjoxMjAwMDAwMDAwMDAwLCJkZWxldGUiOjEyMDAwMDAwMDAwMDAsInJlYWQiOjYwMDAwMDAwMDAwMCwidXBkYXRlIjoxMjAwMDAwMDAwMDAwfX0=",
          "dependencies": [
            "module.project_shared_vpc_host.module.project-factory.google_project.main",
            "module.project_shared_vpc_host.module.project-factory.random_id.random_project_id_suffix",
            "module.project_shared_vpc_host.module.project-factory.random_string.random_project_id_suffix"
          ]
        },
        {
          "index_key": "cloudbilling.googleapis.com",
          "schema_version": 0,
          "attributes": {
            "disable_dependent_services": true,
            "disable_on_destroy": true,
            "id": "pshet-test-a8a1/cloudbilling.googleapis.com",
            "project": "pshet-test-a8a1",
            "service": "cloudbilling.googleapis.com",
            "timeouts": null
          },
          "sensitive_attributes": [],
          "private": "eyJlMmJmYjczMC1lY2FhLTExZTYtOGY4OC0zNDM2M2JjN2M0YzAiOnsiY3JlYXRlIjoxMjAwMDAwMDAwMDAwLCJkZWxldGUiOjEyMDAwMDAwMDAwMDAsInJlYWQiOjYwMDAwMDAwMDAwMCwidXBkYXRlIjoxMjAwMDAwMDAwMDAwfX0=",
          "dependencies": [
            "module.project_shared_vpc_host.module.project-factory.google_project.main",
            "module.project_shared_vpc_host.module.project-factory.random_id.random_project_id_suffix",
            "module.project_shared_vpc_host.module.project-factory.random_string.random_project_id_suffix"
          ]
        },
        {
          "index_key": "cloudresourcemanager.googleapis.com",
          "schema_version": 0,
          "attributes": {
            "disable_dependent_services": true,
            "disable_on_destroy": true,
            "id": "pshet-test-a8a1/cloudresourcemanager.googleapis.com",
            "project": "pshet-test-a8a1",
            "service": "cloudresourcemanager.googleapis.com",
            "timeouts": null
          },
          "sensitive_attributes": [],
          "private": "eyJlMmJmYjczMC1lY2FhLTExZTYtOGY4OC0zNDM2M2JjN2M0YzAiOnsiY3JlYXRlIjoxMjAwMDAwMDAwMDAwLCJkZWxldGUiOjEyMDAwMDAwMDAwMDAsInJlYWQiOjYwMDAwMDAwMDAwMCwidXBkYXRlIjoxMjAwMDAwMDAwMDAwfX0=",
          "dependencies": [
            "module.project_shared_vpc_host.module.project-factory.google_project.main",
            "module.project_shared_vpc_host.module.project-factory.random_id.random_project_id_suffix",
            "module.project_shared_vpc_host.module.project-factory.random_string.random_project_id_suffix"
          ]
        },
        {
          "index_key": "compute.googleapis.com",
          "schema_version": 0,
          "attributes": {
            "disable_dependent_services": true,
            "disable_on_destroy": true,
            "id": "pshet-test-a8a1/compute.googleapis.com",
            "project": "pshet-test-a8a1",
            "service": "compute.googleapis.com",
            "timeouts": null
          },
          "sensitive_attributes": [],
          "private": "eyJlMmJmYjczMC1lY2FhLTExZTYtOGY4OC0zNDM2M2JjN2M0YzAiOnsiY3JlYXRlIjoxMjAwMDAwMDAwMDAwLCJkZWxldGUiOjEyMDAwMDAwMDAwMDAsInJlYWQiOjYwMDAwMDAwMDAwMCwidXBkYXRlIjoxMjAwMDAwMDAwMDAwfX0=",
          "dependencies": [
            "module.project_shared_vpc_host.module.project-factory.google_project.main",
            "module.project_shared_vpc_host.module.project-factory.random_id.random_project_id_suffix",
            "module.project_shared_vpc_host.module.project-factory.random_string.random_project_id_suffix"
          ]
        },
        {
          "index_key": "essentialcontacts.googleapis.com",
          "schema_version": 0,
          "attributes": {
            "disable_dependent_services": true,
            "disable_on_destroy": true,
            "id": "pshet-test-a8a1/essentialcontacts.googleapis.com",
            "project": "pshet-test-a8a1",
            "service": "essentialcontacts.googleapis.com",
            "timeouts": null
          },
          "sensitive_attributes": [],
          "private": "eyJlMmJmYjczMC1lY2FhLTExZTYtOGY4OC0zNDM2M2JjN2M0YzAiOnsiY3JlYXRlIjoxMjAwMDAwMDAwMDAwLCJkZWxldGUiOjEyMDAwMDAwMDAwMDAsInJlYWQiOjYwMDAwMDAwMDAwMCwidXBkYXRlIjoxMjAwMDAwMDAwMDAwfX0=",
          "dependencies": [
            "module.project_shared_vpc_host.module.project-factory.google_project.main",
            "module.project_shared_vpc_host.module.project-factory.random_id.random_project_id_suffix",
            "module.project_shared_vpc_host.module.project-factory.random_string.random_project_id_suffix"
          ]
        },
        {
          "index_key": "iam.googleapis.com",
          "schema_version": 0,
          "attributes": {
            "disable_dependent_services": true,
            "disable_on_destroy": true,
            "id": "pshet-test-a8a1/iam.googleapis.com",
            "project": "pshet-test-a8a1",
            "service": "iam.googleapis.com",
            "timeouts": null
          },
          "sensitive_attributes": [],
          "private": "eyJlMmJmYjczMC1lY2FhLTExZTYtOGY4OC0zNDM2M2JjN2M0YzAiOnsiY3JlYXRlIjoxMjAwMDAwMDAwMDAwLCJkZWxldGUiOjEyMDAwMDAwMDAwMDAsInJlYWQiOjYwMDAwMDAwMDAwMCwidXBkYXRlIjoxMjAwMDAwMDAwMDAwfX0=",
          "dependencies": [
            "module.project_shared_vpc_host.module.project-factory.google_project.main",
            "module.project_shared_vpc_host.module.project-factory.random_id.random_project_id_suffix",
            "module.project_shared_vpc_host.module.project-factory.random_string.random_project_id_suffix"
          ]
        },
        {
          "index_key": "iamcredentials.googleapis.com",
          "schema_version": 0,
          "attributes": {
            "disable_dependent_services": true,
            "disable_on_destroy": true,
            "id": "pshet-test-a8a1/iamcredentials.googleapis.com",
            "project": "pshet-test-a8a1",
            "service": "iamcredentials.googleapis.com",
            "timeouts": null
          },
          "sensitive_attributes": [],
          "private": "eyJlMmJmYjczMC1lY2FhLTExZTYtOGY4OC0zNDM2M2JjN2M0YzAiOnsiY3JlYXRlIjoxMjAwMDAwMDAwMDAwLCJkZWxldGUiOjEyMDAwMDAwMDAwMDAsInJlYWQiOjYwMDAwMDAwMDAwMCwidXBkYXRlIjoxMjAwMDAwMDAwMDAwfX0=",
          "dependencies": [
            "module.project_shared_vpc_host.module.project-factory.google_project.main",
            "module.project_shared_vpc_host.module.project-factory.random_id.random_project_id_suffix",
            "module.project_shared_vpc_host.module.project-factory.random_string.random_project_id_suffix"
          ]
        },
        {
          "index_key": "oslogin.googleapis.com",
          "schema_version": 0,
          "attributes": {
            "disable_dependent_services": true,
            "disable_on_destroy": true,
            "id": "pshet-test-a8a1/oslogin.googleapis.com",
            "project": "pshet-test-a8a1",
            "service": "oslogin.googleapis.com",
            "timeouts": null
          },
          "sensitive_attributes": [],
          "private": "eyJlMmJmYjczMC1lY2FhLTExZTYtOGY4OC0zNDM2M2JjN2M0YzAiOnsiY3JlYXRlIjoxMjAwMDAwMDAwMDAwLCJkZWxldGUiOjEyMDAwMDAwMDAwMDAsInJlYWQiOjYwMDAwMDAwMDAwMCwidXBkYXRlIjoxMjAwMDAwMDAwMDAwfX0=",
          "dependencies": [
            "module.project_shared_vpc_host.module.project-factory.google_project.main",
            "module.project_shared_vpc_host.module.project-factory.random_id.random_project_id_suffix",
            "module.project_shared_vpc_host.module.project-factory.random_string.random_project_id_suffix"
          ]
        },
        {
          "index_key": "pubsub.googleapis.com",
          "schema_version": 0,
          "attributes": {
            "disable_dependent_services": true,
            "disable_on_destroy": true,
            "id": "pshet-test-a8a1/pubsub.googleapis.com",
            "project": "pshet-test-a8a1",
            "service": "pubsub.googleapis.com",
            "timeouts": null
          },
          "sensitive_attributes": [],
          "private": "eyJlMmJmYjczMC1lY2FhLTExZTYtOGY4OC0zNDM2M2JjN2M0YzAiOnsiY3JlYXRlIjoxMjAwMDAwMDAwMDAwLCJkZWxldGUiOjEyMDAwMDAwMDAwMDAsInJlYWQiOjYwMDAwMDAwMDAwMCwidXBkYXRlIjoxMjAwMDAwMDAwMDAwfX0=",
          "dependencies": [
            "module.project_shared_vpc_host.module.project-factory.google_project.main",
            "module.project_shared_vpc_host.module.project-factory.random_id.random_project_id_suffix",
            "module.project_shared_vpc_host.module.project-factory.random_string.random_project_id_suffix"
          ]
        },
        {
          "index_key": "serviceconsumermanagement.googleapis.com",
          "schema_version": 0,
          "attributes": {
            "disable_dependent_services": true,
            "disable_on_destroy": true,
            "id": "pshet-test-a8a1/serviceconsumermanagement.googleapis.com",
            "project": "pshet-test-a8a1",
            "service": "serviceconsumermanagement.googleapis.com",
            "timeouts": null
          },
          "sensitive_attributes": [],
          "private": "eyJlMmJmYjczMC1lY2FhLTExZTYtOGY4OC0zNDM2M2JjN2M0YzAiOnsiY3JlYXRlIjoxMjAwMDAwMDAwMDAwLCJkZWxldGUiOjEyMDAwMDAwMDAwMDAsInJlYWQiOjYwMDAwMDAwMDAwMCwidXBkYXRlIjoxMjAwMDAwMDAwMDAwfX0=",
          "dependencies": [
            "module.project_shared_vpc_host.module.project-factory.google_project.main",
            "module.project_shared_vpc_host.module.project-factory.random_id.random_project_id_suffix",
            "module.project_shared_vpc_host.module.project-factory.random_string.random_project_id_suffix"
          ]
        },
        {
          "index_key": "serviceusage.googleapis.com",
          "schema_version": 0,
          "attributes": {
            "disable_dependent_services": true,
            "disable_on_destroy": true,
            "id": "pshet-test-a8a1/serviceusage.googleapis.com",
            "project": "pshet-test-a8a1",
            "service": "serviceusage.googleapis.com",
            "timeouts": null
          },
          "sensitive_attributes": [],
          "private": "eyJlMmJmYjczMC1lY2FhLTExZTYtOGY4OC0zNDM2M2JjN2M0YzAiOnsiY3JlYXRlIjoxMjAwMDAwMDAwMDAwLCJkZWxldGUiOjEyMDAwMDAwMDAwMDAsInJlYWQiOjYwMDAwMDAwMDAwMCwidXBkYXRlIjoxMjAwMDAwMDAwMDAwfX0=",
          "dependencies": [
            "module.project_shared_vpc_host.module.project-factory.google_project.main",
            "module.project_shared_vpc_host.module.project-factory.random_id.random_project_id_suffix",
            "module.project_shared_vpc_host.module.project-factory.random_string.random_project_id_suffix"
          ]
        }
      ]
    }
  ],
  "check_results": [
    {
      "object_kind": "var",
      "config_addr": "module.project_shared_vpc_host.var.budget_labels",
      "status": "unknown",
      "objects": [
        {
          "object_addr": "module.project_shared_vpc_host.var.budget_labels",
          "status": "unknown"
        }
      ]
    },
    {
      "object_kind": "var",
      "config_addr": "module.project_shared_vpc_host.module.budget.var.labels",
      "status": "unknown",
      "objects": [
        {
          "object_addr": "module.project_shared_vpc_host.module.budget.var.labels",
          "status": "unknown"
        }
      ]
    }
  ]
}
